// !$*UTF8*$!
{
	archiveVersion = 1;
	classes = {
	};
	objectVersion = 56;
	objects = {

/* Begin PBXBuildFile section */
		264F8F4F2B9D724400987A03 /* PasskeySampleApp.swift in Sources */ = {isa = PBXBuildFile; fileRef = 264F8F4E2B9D724400987A03 /* PasskeySampleApp.swift */; };
		264F8F512B9D724400987A03 /* ContentView.swift in Sources */ = {isa = PBXBuildFile; fileRef = 264F8F502B9D724400987A03 /* ContentView.swift */; };
		264F8F532B9D724500987A03 /* Assets.xcassets in Resources */ = {isa = PBXBuildFile; fileRef = 264F8F522B9D724500987A03 /* Assets.xcassets */; };
		264F8F562B9D724500987A03 /* Preview Assets.xcassets in Resources */ = {isa = PBXBuildFile; fileRef = 264F8F552B9D724500987A03 /* Preview Assets.xcassets */; };
		264F8F602B9D724600987A03 /* PasskeySampleTests.swift in Sources */ = {isa = PBXBuildFile; fileRef = 264F8F5F2B9D724600987A03 /* PasskeySampleTests.swift */; };
		264F8F6A2B9D724600987A03 /* PasskeySampleUITests.swift in Sources */ = {isa = PBXBuildFile; fileRef = 264F8F692B9D724600987A03 /* PasskeySampleUITests.swift */; };
		264F8F6C2B9D724600987A03 /* PasskeySampleUITestsLaunchTests.swift in Sources */ = {isa = PBXBuildFile; fileRef = 264F8F6B2B9D724600987A03 /* PasskeySampleUITestsLaunchTests.swift */; };
		268C6E7C2C0C92850089459F /* PasskeyListView.swift in Sources */ = {isa = PBXBuildFile; fileRef = 268C6E7B2C0C92850089459F /* PasskeyListView.swift */; };
		268C6E7E2C0C93120089459F /* PasskeyService.swift in Sources */ = {isa = PBXBuildFile; fileRef = 268C6E7D2C0C93110089459F /* PasskeyService.swift */; };
		268C6E802C0C93C30089459F /* LoginView.swift in Sources */ = {isa = PBXBuildFile; fileRef = 268C6E7F2C0C93C30089459F /* LoginView.swift */; };
/* End PBXBuildFile section */

/* Begin PBXContainerItemProxy section */
		264F8F5C2B9D724600987A03 /* PBXContainerItemProxy */ = {
			isa = PBXContainerItemProxy;
			containerPortal = 264F8F432B9D724400987A03 /* Project object */;
			proxyType = 1;
			remoteGlobalIDString = 264F8F4A2B9D724400987A03;
			remoteInfo = PasskeySample;
		};
		264F8F662B9D724600987A03 /* PBXContainerItemProxy */ = {
			isa = PBXContainerItemProxy;
			containerPortal = 264F8F432B9D724400987A03 /* Project object */;
			proxyType = 1;
			remoteGlobalIDString = 264F8F4A2B9D724400987A03;
			remoteInfo = PasskeySample;
		};
/* End PBXContainerItemProxy section */

/* Begin PBXFileReference section */
		264F8F4B2B9D724400987A03 /* PasskeySample.app */ = {isa = PBXFileReference; explicitFileType = wrapper.application; includeInIndex = 0; path = PasskeySample.app; sourceTree = BUILT_PRODUCTS_DIR; };
		264F8F4E2B9D724400987A03 /* PasskeySampleApp.swift */ = {isa = PBXFileReference; lastKnownFileType = sourcecode.swift; path = PasskeySampleApp.swift; sourceTree = "<group>"; };
		264F8F502B9D724400987A03 /* ContentView.swift */ = {isa = PBXFileReference; lastKnownFileType = sourcecode.swift; path = ContentView.swift; sourceTree = "<group>"; };
		264F8F522B9D724500987A03 /* Assets.xcassets */ = {isa = PBXFileReference; lastKnownFileType = folder.assetcatalog; path = Assets.xcassets; sourceTree = "<group>"; };
		264F8F552B9D724500987A03 /* Preview Assets.xcassets */ = {isa = PBXFileReference; lastKnownFileType = folder.assetcatalog; path = "Preview Assets.xcassets"; sourceTree = "<group>"; };
		264F8F5B2B9D724600987A03 /* PasskeySampleTests.xctest */ = {isa = PBXFileReference; explicitFileType = wrapper.cfbundle; includeInIndex = 0; path = PasskeySampleTests.xctest; sourceTree = BUILT_PRODUCTS_DIR; };
		264F8F5F2B9D724600987A03 /* PasskeySampleTests.swift */ = {isa = PBXFileReference; lastKnownFileType = sourcecode.swift; path = PasskeySampleTests.swift; sourceTree = "<group>"; };
		264F8F652B9D724600987A03 /* PasskeySampleUITests.xctest */ = {isa = PBXFileReference; explicitFileType = wrapper.cfbundle; includeInIndex = 0; path = PasskeySampleUITests.xctest; sourceTree = BUILT_PRODUCTS_DIR; };
		264F8F692B9D724600987A03 /* PasskeySampleUITests.swift */ = {isa = PBXFileReference; lastKnownFileType = sourcecode.swift; path = PasskeySampleUITests.swift; sourceTree = "<group>"; };
		264F8F6B2B9D724600987A03 /* PasskeySampleUITestsLaunchTests.swift */ = {isa = PBXFileReference; lastKnownFileType = sourcecode.swift; path = PasskeySampleUITestsLaunchTests.swift; sourceTree = "<group>"; };
		268C6E7B2C0C92850089459F /* PasskeyListView.swift */ = {isa = PBXFileReference; lastKnownFileType = sourcecode.swift; path = PasskeyListView.swift; sourceTree = "<group>"; };
		268C6E7D2C0C93110089459F /* PasskeyService.swift */ = {isa = PBXFileReference; lastKnownFileType = sourcecode.swift; path = PasskeyService.swift; sourceTree = "<group>"; };
		268C6E7F2C0C93C30089459F /* LoginView.swift */ = {isa = PBXFileReference; lastKnownFileType = sourcecode.swift; path = LoginView.swift; sourceTree = "<group>"; };
		268C6E812C1D96980089459F /* PasskeySample.entitlements */ = {isa = PBXFileReference; lastKnownFileType = text.plist.entitlements; path = PasskeySample.entitlements; sourceTree = "<group>"; };
/* End PBXFileReference section */

/* Begin PBXFrameworksBuildPhase section */
		264F8F482B9D724400987A03 /* Frameworks */ = {
			isa = PBXFrameworksBuildPhase;
			buildActionMask = 2147483647;
			files = (
			);
			runOnlyForDeploymentPostprocessing = 0;
		};
		264F8F582B9D724600987A03 /* Frameworks */ = {
			isa = PBXFrameworksBuildPhase;
			buildActionMask = 2147483647;
			files = (
			);
			runOnlyForDeploymentPostprocessing = 0;
		};
		264F8F622B9D724600987A03 /* Frameworks */ = {
			isa = PBXFrameworksBuildPhase;
			buildActionMask = 2147483647;
			files = (
			);
			runOnlyForDeploymentPostprocessing = 0;
		};
/* End PBXFrameworksBuildPhase section */

/* Begin PBXGroup section */
		264F8F422B9D724400987A03 = {
			isa = PBXGroup;
			children = (
				264F8F4D2B9D724400987A03 /* PasskeySample */,
				264F8F5E2B9D724600987A03 /* PasskeySampleTests */,
				264F8F682B9D724600987A03 /* PasskeySampleUITests */,
				264F8F4C2B9D724400987A03 /* Products */,
			);
			sourceTree = "<group>";
		};
		264F8F4C2B9D724400987A03 /* Products */ = {
			isa = PBXGroup;
			children = (
				264F8F4B2B9D724400987A03 /* PasskeySample.app */,
				264F8F5B2B9D724600987A03 /* PasskeySampleTests.xctest */,
				264F8F652B9D724600987A03 /* PasskeySampleUITests.xctest */,
			);
			name = Products;
			sourceTree = "<group>";
		};
		264F8F4D2B9D724400987A03 /* PasskeySample */ = {
			isa = PBXGroup;
			children = (
				268C6E812C1D96980089459F /* PasskeySample.entitlements */,
				264F8F4E2B9D724400987A03 /* PasskeySampleApp.swift */,
				264F8F502B9D724400987A03 /* ContentView.swift */,
				264F8F522B9D724500987A03 /* Assets.xcassets */,
				264F8F542B9D724500987A03 /* Preview Content */,
				268C6E7B2C0C92850089459F /* PasskeyListView.swift */,
				268C6E7D2C0C93110089459F /* PasskeyService.swift */,
				268C6E7F2C0C93C30089459F /* LoginView.swift */,
			);
			path = PasskeySample;
			sourceTree = "<group>";
		};
		264F8F542B9D724500987A03 /* Preview Content */ = {
			isa = PBXGroup;
			children = (
				264F8F552B9D724500987A03 /* Preview Assets.xcassets */,
			);
			path = "Preview Content";
			sourceTree = "<group>";
		};
		264F8F5E2B9D724600987A03 /* PasskeySampleTests */ = {
			isa = PBXGroup;
			children = (
				264F8F5F2B9D724600987A03 /* PasskeySampleTests.swift */,
			);
			path = PasskeySampleTests;
			sourceTree = "<group>";
		};
		264F8F682B9D724600987A03 /* PasskeySampleUITests */ = {
			isa = PBXGroup;
			children = (
				264F8F692B9D724600987A03 /* PasskeySampleUITests.swift */,
				264F8F6B2B9D724600987A03 /* PasskeySampleUITestsLaunchTests.swift */,
			);
			path = PasskeySampleUITests;
			sourceTree = "<group>";
		};
/* End PBXGroup section */

/* Begin PBXNativeTarget section */
		264F8F4A2B9D724400987A03 /* PasskeySample */ = {
			isa = PBXNativeTarget;
			buildConfigurationList = 264F8F6F2B9D724600987A03 /* Build configuration list for PBXNativeTarget "PasskeySample" */;
			buildPhases = (
				264F8F472B9D724400987A03 /* Sources */,
				264F8F482B9D724400987A03 /* Frameworks */,
				264F8F492B9D724400987A03 /* Resources */,
			);
			buildRules = (
			);
			dependencies = (
			);
			name = PasskeySample;
			productName = PasskeySample;
			productReference = 264F8F4B2B9D724400987A03 /* PasskeySample.app */;
			productType = "com.apple.product-type.application";
		};
		264F8F5A2B9D724600987A03 /* PasskeySampleTests */ = {
			isa = PBXNativeTarget;
			buildConfigurationList = 264F8F722B9D724600987A03 /* Build configuration list for PBXNativeTarget "PasskeySampleTests" */;
			buildPhases = (
				264F8F572B9D724600987A03 /* Sources */,
				264F8F582B9D724600987A03 /* Frameworks */,
				264F8F592B9D724600987A03 /* Resources */,
			);
			buildRules = (
			);
			dependencies = (
				264F8F5D2B9D724600987A03 /* PBXTargetDependency */,
			);
			name = PasskeySampleTests;
			productName = PasskeySampleTests;
			productReference = 264F8F5B2B9D724600987A03 /* PasskeySampleTests.xctest */;
			productType = "com.apple.product-type.bundle.unit-test";
		};
		264F8F642B9D724600987A03 /* PasskeySampleUITests */ = {
			isa = PBXNativeTarget;
			buildConfigurationList = 264F8F752B9D724600987A03 /* Build configuration list for PBXNativeTarget "PasskeySampleUITests" */;
			buildPhases = (
				264F8F612B9D724600987A03 /* Sources */,
				264F8F622B9D724600987A03 /* Frameworks */,
				264F8F632B9D724600987A03 /* Resources */,
			);
			buildRules = (
			);
			dependencies = (
				264F8F672B9D724600987A03 /* PBXTargetDependency */,
			);
			name = PasskeySampleUITests;
			productName = PasskeySampleUITests;
			productReference = 264F8F652B9D724600987A03 /* PasskeySampleUITests.xctest */;
			productType = "com.apple.product-type.bundle.ui-testing";
		};
/* End PBXNativeTarget section */

/* Begin PBXProject section */
		264F8F432B9D724400987A03 /* Project object */ = {
			isa = PBXProject;
			attributes = {
				BuildIndependentTargetsInParallel = 1;
				LastSwiftUpdateCheck = 1520;
				LastUpgradeCheck = 1520;
				TargetAttributes = {
					264F8F4A2B9D724400987A03 = {
						CreatedOnToolsVersion = 15.2;
					};
					264F8F5A2B9D724600987A03 = {
						CreatedOnToolsVersion = 15.2;
						TestTargetID = 264F8F4A2B9D724400987A03;
					};
					264F8F642B9D724600987A03 = {
						CreatedOnToolsVersion = 15.2;
						TestTargetID = 264F8F4A2B9D724400987A03;
					};
				};
			};
			buildConfigurationList = 264F8F462B9D724400987A03 /* Build configuration list for PBXProject "PasskeySample" */;
			compatibilityVersion = "Xcode 14.0";
			developmentRegion = en;
			hasScannedForEncodings = 0;
			knownRegions = (
				en,
				Base,
			);
			mainGroup = 264F8F422B9D724400987A03;
			productRefGroup = 264F8F4C2B9D724400987A03 /* Products */;
			projectDirPath = "";
			projectRoot = "";
			targets = (
				264F8F4A2B9D724400987A03 /* PasskeySample */,
				264F8F5A2B9D724600987A03 /* PasskeySampleTests */,
				264F8F642B9D724600987A03 /* PasskeySampleUITests */,
			);
		};
/* End PBXProject section */

/* Begin PBXResourcesBuildPhase section */
		264F8F492B9D724400987A03 /* Resources */ = {
			isa = PBXResourcesBuildPhase;
			buildActionMask = 2147483647;
			files = (
				264F8F562B9D724500987A03 /* Preview Assets.xcassets in Resources */,
				264F8F532B9D724500987A03 /* Assets.xcassets in Resources */,
			);
			runOnlyForDeploymentPostprocessing = 0;
		};
		264F8F592B9D724600987A03 /* Resources */ = {
			isa = PBXResourcesBuildPhase;
			buildActionMask = 2147483647;
			files = (
			);
			runOnlyForDeploymentPostprocessing = 0;
		};
		264F8F632B9D724600987A03 /* Resources */ = {
			isa = PBXResourcesBuildPhase;
			buildActionMask = 2147483647;
			files = (
			);
			runOnlyForDeploymentPostprocessing = 0;
		};
/* End PBXResourcesBuildPhase section */

/* Begin PBXSourcesBuildPhase section */
		264F8F472B9D724400987A03 /* Sources */ = {
			isa = PBXSourcesBuildPhase;
			buildActionMask = 2147483647;
			files = (
				268C6E7E2C0C93120089459F /* PasskeyService.swift in Sources */,
				264F8F512B9D724400987A03 /* ContentView.swift in Sources */,
				264F8F4F2B9D724400987A03 /* PasskeySampleApp.swift in Sources */,
				268C6E802C0C93C30089459F /* LoginView.swift in Sources */,
				268C6E7C2C0C92850089459F /* PasskeyListView.swift in Sources */,
			);
			runOnlyForDeploymentPostprocessing = 0;
		};
		264F8F572B9D724600987A03 /* Sources */ = {
			isa = PBXSourcesBuildPhase;
			buildActionMask = 2147483647;
			files = (
				264F8F602B9D724600987A03 /* PasskeySampleTests.swift in Sources */,
			);
			runOnlyForDeploymentPostprocessing = 0;
		};
		264F8F612B9D724600987A03 /* Sources */ = {
			isa = PBXSourcesBuildPhase;
			buildActionMask = 2147483647;
			files = (
				264F8F6A2B9D724600987A03 /* PasskeySampleUITests.swift in Sources */,
				264F8F6C2B9D724600987A03 /* PasskeySampleUITestsLaunchTests.swift in Sources */,
			);
			runOnlyForDeploymentPostprocessing = 0;
		};
/* End PBXSourcesBuildPhase section */

/* Begin PBXTargetDependency section */
		264F8F5D2B9D724600987A03 /* PBXTargetDependency */ = {
			isa = PBXTargetDependency;
			target = 264F8F4A2B9D724400987A03 /* PasskeySample */;
			targetProxy = 264F8F5C2B9D724600987A03 /* PBXContainerItemProxy */;
		};
		264F8F672B9D724600987A03 /* PBXTargetDependency */ = {
			isa = PBXTargetDependency;
			target = 264F8F4A2B9D724400987A03 /* PasskeySample */;
			targetProxy = 264F8F662B9D724600987A03 /* PBXContainerItemProxy */;
		};
/* End PBXTargetDependency section */

/* Begin XCBuildConfiguration section */
		264F8F6D2B9D724600987A03 /* Debug */ = {
			isa = XCBuildConfiguration;
			buildSettings = {
				ALWAYS_SEARCH_USER_PATHS = NO;
				ASSETCATALOG_COMPILER_GENERATE_SWIFT_ASSET_SYMBOL_EXTENSIONS = YES;
				CLANG_ANALYZER_NONNULL = YES;
				CLANG_ANALYZER_NUMBER_OBJECT_CONVERSION = YES_AGGRESSIVE;
				CLANG_CXX_LANGUAGE_STANDARD = "gnu++20";
				CLANG_ENABLE_MODULES = YES;
				CLANG_ENABLE_OBJC_ARC = YES;
				CLANG_ENABLE_OBJC_WEAK = YES;
				CLANG_WARN_BLOCK_CAPTURE_AUTORELEASING = YES;
				CLANG_WARN_BOOL_CONVERSION = YES;
				CLANG_WARN_COMMA = YES;
				CLANG_WARN_CONSTANT_CONVERSION = YES;
				CLANG_WARN_DEPRECATED_OBJC_IMPLEMENTATIONS = YES;
				CLANG_WARN_DIRECT_OBJC_ISA_USAGE = YES_ERROR;
				CLANG_WARN_DOCUMENTATION_COMMENTS = YES;
				CLANG_WARN_EMPTY_BODY = YES;
				CLANG_WARN_ENUM_CONVERSION = YES;
				CLANG_WARN_INFINITE_RECURSION = YES;
				CLANG_WARN_INT_CONVERSION = YES;
				CLANG_WARN_NON_LITERAL_NULL_CONVERSION = YES;
				CLANG_WARN_OBJC_IMPLICIT_RETAIN_SELF = YES;
				CLANG_WARN_OBJC_LITERAL_CONVERSION = YES;
				CLANG_WARN_OBJC_ROOT_CLASS = YES_ERROR;
				CLANG_WARN_QUOTED_INCLUDE_IN_FRAMEWORK_HEADER = YES;
				CLANG_WARN_RANGE_LOOP_ANALYSIS = YES;
				CLANG_WARN_STRICT_PROTOTYPES = YES;
				CLANG_WARN_SUSPICIOUS_MOVE = YES;
				CLANG_WARN_UNGUARDED_AVAILABILITY = YES_AGGRESSIVE;
				CLANG_WARN_UNREACHABLE_CODE = YES;
				CLANG_WARN__DUPLICATE_METHOD_MATCH = YES;
				COPY_PHASE_STRIP = NO;
				DEBUG_INFORMATION_FORMAT = dwarf;
				ENABLE_STRICT_OBJC_MSGSEND = YES;
				ENABLE_TESTABILITY = YES;
				ENABLE_USER_SCRIPT_SANDBOXING = YES;
				GCC_C_LANGUAGE_STANDARD = gnu17;
				GCC_DYNAMIC_NO_PIC = NO;
				GCC_NO_COMMON_BLOCKS = YES;
				GCC_OPTIMIZATION_LEVEL = 0;
				GCC_PREPROCESSOR_DEFINITIONS = (
					"DEBUG=1",
					"$(inherited)",
				);
				GCC_WARN_64_TO_32_BIT_CONVERSION = YES;
				GCC_WARN_ABOUT_RETURN_TYPE = YES_ERROR;
				GCC_WARN_UNDECLARED_SELECTOR = YES;
				GCC_WARN_UNINITIALIZED_AUTOS = YES_AGGRESSIVE;
				GCC_WARN_UNUSED_FUNCTION = YES;
				GCC_WARN_UNUSED_VARIABLE = YES;
				IPHONEOS_DEPLOYMENT_TARGET = 17.2;
				LOCALIZATION_PREFERS_STRING_CATALOGS = YES;
				MTL_ENABLE_DEBUG_INFO = INCLUDE_SOURCE;
				MTL_FAST_MATH = YES;
				ONLY_ACTIVE_ARCH = YES;
				SDKROOT = iphoneos;
				SWIFT_ACTIVE_COMPILATION_CONDITIONS = "DEBUG $(inherited)";
				SWIFT_OPTIMIZATION_LEVEL = "-Onone";
			};
			name = Debug;
		};
		264F8F6E2B9D724600987A03 /* Release */ = {
			isa = XCBuildConfiguration;
			buildSettings = {
				ALWAYS_SEARCH_USER_PATHS = NO;
				ASSETCATALOG_COMPILER_GENERATE_SWIFT_ASSET_SYMBOL_EXTENSIONS = YES;
				CLANG_ANALYZER_NONNULL = YES;
				CLANG_ANALYZER_NUMBER_OBJECT_CONVERSION = YES_AGGRESSIVE;
				CLANG_CXX_LANGUAGE_STANDARD = "gnu++20";
				CLANG_ENABLE_MODULES = YES;
				CLANG_ENABLE_OBJC_ARC = YES;
				CLANG_ENABLE_OBJC_WEAK = YES;
				CLANG_WARN_BLOCK_CAPTURE_AUTORELEASING = YES;
				CLANG_WARN_BOOL_CONVERSION = YES;
				CLANG_WARN_COMMA = YES;
				CLANG_WARN_CONSTANT_CONVERSION = YES;
				CLANG_WARN_DEPRECATED_OBJC_IMPLEMENTATIONS = YES;
				CLANG_WARN_DIRECT_OBJC_ISA_USAGE = YES_ERROR;
				CLANG_WARN_DOCUMENTATION_COMMENTS = YES;
				CLANG_WARN_EMPTY_BODY = YES;
				CLANG_WARN_ENUM_CONVERSION = YES;
				CLANG_WARN_INFINITE_RECURSION = YES;
				CLANG_WARN_INT_CONVERSION = YES;
				CLANG_WARN_NON_LITERAL_NULL_CONVERSION = YES;
				CLANG_WARN_OBJC_IMPLICIT_RETAIN_SELF = YES;
				CLANG_WARN_OBJC_LITERAL_CONVERSION = YES;
				CLANG_WARN_OBJC_ROOT_CLASS = YES_ERROR;
				CLANG_WARN_QUOTED_INCLUDE_IN_FRAMEWORK_HEADER = YES;
				CLANG_WARN_RANGE_LOOP_ANALYSIS = YES;
				CLANG_WARN_STRICT_PROTOTYPES = YES;
				CLANG_WARN_SUSPICIOUS_MOVE = YES;
				CLANG_WARN_UNGUARDED_AVAILABILITY = YES_AGGRESSIVE;
				CLANG_WARN_UNREACHABLE_CODE = YES;
				CLANG_WARN__DUPLICATE_METHOD_MATCH = YES;
				COPY_PHASE_STRIP = NO;
				DEBUG_INFORMATION_FORMAT = "dwarf-with-dsym";
				ENABLE_NS_ASSERTIONS = NO;
				ENABLE_STRICT_OBJC_MSGSEND = YES;
				ENABLE_USER_SCRIPT_SANDBOXING = YES;
				GCC_C_LANGUAGE_STANDARD = gnu17;
				GCC_NO_COMMON_BLOCKS = YES;
				GCC_WARN_64_TO_32_BIT_CONVERSION = YES;
				GCC_WARN_ABOUT_RETURN_TYPE = YES_ERROR;
				GCC_WARN_UNDECLARED_SELECTOR = YES;
				GCC_WARN_UNINITIALIZED_AUTOS = YES_AGGRESSIVE;
				GCC_WARN_UNUSED_FUNCTION = YES;
				GCC_WARN_UNUSED_VARIABLE = YES;
				IPHONEOS_DEPLOYMENT_TARGET = 17.2;
				LOCALIZATION_PREFERS_STRING_CATALOGS = YES;
				MTL_ENABLE_DEBUG_INFO = NO;
				MTL_FAST_MATH = YES;
				SDKROOT = iphoneos;
				SWIFT_COMPILATION_MODE = wholemodule;
				VALIDATE_PRODUCT = YES;
			};
			name = Release;
		};
		264F8F702B9D724600987A03 /* Debug */ = {
			isa = XCBuildConfiguration;
			buildSettings = {
				ASSETCATALOG_COMPILER_APPICON_NAME = AppIcon;
				ASSETCATALOG_COMPILER_GLOBAL_ACCENT_COLOR_NAME = AccentColor;
				CODE_SIGN_ENTITLEMENTS = PasskeySample/PasskeySample.entitlements;
				CODE_SIGN_STYLE = Automatic;
				CURRENT_PROJECT_VERSION = 1;
				DEVELOPMENT_ASSET_PATHS = "\"PasskeySample/Preview Content\"";
				DEVELOPMENT_TEAM = GTW6722F27;
				ENABLE_PREVIEWS = YES;
				GENERATE_INFOPLIST_FILE = YES;
				INFOPLIST_KEY_UIApplicationSceneManifest_Generation = YES;
				INFOPLIST_KEY_UIApplicationSupportsIndirectInputEvents = YES;
				INFOPLIST_KEY_UILaunchScreen_Generation = YES;
				INFOPLIST_KEY_UISupportedInterfaceOrientations_iPad = "UIInterfaceOrientationPortrait UIInterfaceOrientationPortraitUpsideDown UIInterfaceOrientationLandscapeLeft UIInterfaceOrientationLandscapeRight";
				INFOPLIST_KEY_UISupportedInterfaceOrientations_iPhone = "UIInterfaceOrientationPortrait UIInterfaceOrientationLandscapeLeft UIInterfaceOrientationLandscapeRight";
				LD_RUNPATH_SEARCH_PATHS = (
					"$(inherited)",
					"@executable_path/Frameworks",
				);
				MARKETING_VERSION = 1.0;
				PRODUCT_BUNDLE_IDENTIFIER = com.example.PasskeySample;
				PRODUCT_NAME = "$(TARGET_NAME)";
				SWIFT_EMIT_LOC_STRINGS = YES;
				SWIFT_VERSION = 5.0;
				TARGETED_DEVICE_FAMILY = "1,2";
			};
			name = Debug;
		};
		264F8F712B9D724600987A03 /* Release */ = {
			isa = XCBuildConfiguration;
			buildSettings = {
				ASSETCATALOG_COMPILER_APPICON_NAME = AppIcon;
				ASSETCATALOG_COMPILER_GLOBAL_ACCENT_COLOR_NAME = AccentColor;
				CODE_SIGN_ENTITLEMENTS = PasskeySample/PasskeySample.entitlements;
				CODE_SIGN_STYLE = Automatic;
				CURRENT_PROJECT_VERSION = 1;
				DEVELOPMENT_ASSET_PATHS = "\"PasskeySample/Preview Content\"";
				DEVELOPMENT_TEAM = GTW6722F27;
				ENABLE_PREVIEWS = YES;
				GENERATE_INFOPLIST_FILE = YES;
				INFOPLIST_KEY_UIApplicationSceneManifest_Generation = YES;
				INFOPLIST_KEY_UIApplicationSupportsIndirectInputEvents = YES;
				INFOPLIST_KEY_UILaunchScreen_Generation = YES;
				INFOPLIST_KEY_UISupportedInterfaceOrientations_iPad = "UIInterfaceOrientationPortrait UIInterfaceOrientationPortraitUpsideDown UIInterfaceOrientationLandscapeLeft UIInterfaceOrientationLandscapeRight";
				INFOPLIST_KEY_UISupportedInterfaceOrientations_iPhone = "UIInterfaceOrientationPortrait UIInterfaceOrientationLandscapeLeft UIInterfaceOrientationLandscapeRight";
				LD_RUNPATH_SEARCH_PATHS = (
					"$(inherited)",
					"@executable_path/Frameworks",
				);
				MARKETING_VERSION = 1.0;
				PRODUCT_BUNDLE_IDENTIFIER = com.example.PasskeySample;
				PRODUCT_NAME = "$(TARGET_NAME)";
				SWIFT_EMIT_LOC_STRINGS = YES;
				SWIFT_VERSION = 5.0;
				TARGETED_DEVICE_FAMILY = "1,2";
			};
			name = Release;
		};
		264F8F732B9D724600987A03 /* Debug */ = {
			isa = XCBuildConfiguration;
			buildSettings = {
				ALWAYS_EMBED_SWIFT_STANDARD_LIBRARIES = YES;
				BUNDLE_LOADER = "$(TEST_HOST)";
				CODE_SIGN_STYLE = Automatic;
				CURRENT_PROJECT_VERSION = 1;
				DEVELOPMENT_TEAM = GTW6722F27;
				GENERATE_INFOPLIST_FILE = YES;
				IPHONEOS_DEPLOYMENT_TARGET = 17.2;
				MARKETING_VERSION = 1.0;
				PRODUCT_BUNDLE_IDENTIFIER = com.example.PasskeySampleTests;
				PRODUCT_NAME = "$(TARGET_NAME)";
				SWIFT_EMIT_LOC_STRINGS = NO;
				SWIFT_VERSION = 5.0;
				TARGETED_DEVICE_FAMILY = "1,2";
				TEST_HOST = "$(BUILT_PRODUCTS_DIR)/PasskeySample.app/$(BUNDLE_EXECUTABLE_FOLDER_PATH)/PasskeySample";
			};
			name = Debug;
		};
		264F8F742B9D724600987A03 /* Release */ = {
			isa = XCBuildConfiguration;
			buildSettings = {
				ALWAYS_EMBED_SWIFT_STANDARD_LIBRARIES = YES;
				BUNDLE_LOADER = "$(TEST_HOST)";
				CODE_SIGN_STYLE = Automatic;
				CURRENT_PROJECT_VERSION = 1;
				DEVELOPMENT_TEAM = GTW6722F27;
				GENERATE_INFOPLIST_FILE = YES;
				IPHONEOS_DEPLOYMENT_TARGET = 17.2;
				MARKETING_VERSION = 1.0;
				PRODUCT_BUNDLE_IDENTIFIER = com.example.PasskeySampleTests;
				PRODUCT_NAME = "$(TARGET_NAME)";
				SWIFT_EMIT_LOC_STRINGS = NO;
				SWIFT_VERSION = 5.0;
				TARGETED_DEVICE_FAMILY = "1,2";
				TEST_HOST = "$(BUILT_PRODUCTS_DIR)/PasskeySample.app/$(BUNDLE_EXECUTABLE_FOLDER_PATH)/PasskeySample";
			};
			name = Release;
		};
		264F8F762B9D724600987A03 /* Debug */ = {
			isa = XCBuildConfiguration;
			buildSettings = {
				ALWAYS_EMBED_SWIFT_STANDARD_LIBRARIES = YES;
				CODE_SIGN_STYLE = Automatic;
				CURRENT_PROJECT_VERSION = 1;
				DEVELOPMENT_TEAM = GTW6722F27;
				GENERATE_INFOPLIST_FILE = YES;
				MARKETING_VERSION = 1.0;
				PRODUCT_BUNDLE_IDENTIFIER = com.example.PasskeySampleUITests;
				PRODUCT_NAME = "$(TARGET_NAME)";
				SWIFT_EMIT_LOC_STRINGS = NO;
				SWIFT_VERSION = 5.0;
				TARGETED_DEVICE_FAMILY = "1,2";
				TEST_TARGET_NAME = PasskeySample;
			};
			name = Debug;
		};
		264F8F772B9D724600987A03 /* Release */ = {
			isa = XCBuildConfiguration;
			buildSettings = {
				ALWAYS_EMBED_SWIFT_STANDARD_LIBRARIES = YES;
				CODE_SIGN_STYLE = Automatic;
				CURRENT_PROJECT_VERSION = 1;
				DEVELOPMENT_TEAM = GTW6722F27;
				GENERATE_INFOPLIST_FILE = YES;
				MARKETING_VERSION = 1.0;
				PRODUCT_BUNDLE_IDENTIFIER = com.example.PasskeySampleUITests;
				PRODUCT_NAME = "$(TARGET_NAME)";
				SWIFT_EMIT_LOC_STRINGS = NO;
				SWIFT_VERSION = 5.0;
				TARGETED_DEVICE_FAMILY = "1,2";
				TEST_TARGET_NAME = PasskeySample;
			};
			name = Release;
		};
/* End XCBuildConfiguration section */

/* Begin XCConfigurationList section */
		264F8F462B9D724400987A03 /* Build configuration list for PBXProject "PasskeySample" */ = {
			isa = XCConfigurationList;
			buildConfigurations = (
				264F8F6D2B9D724600987A03 /* Debug */,
				264F8F6E2B9D724600987A03 /* Release */,
			);
			defaultConfigurationIsVisible = 0;
			defaultConfigurationName = Release;
		};
		264F8F6F2B9D724600987A03 /* Build configuration list for PBXNativeTarget "PasskeySample" */ = {
			isa = XCConfigurationList;
			buildConfigurations = (
				264F8F702B9D724600987A03 /* Debug */,
				264F8F712B9D724600987A03 /* Release */,
			);
			defaultConfigurationIsVisible = 0;
			defaultConfigurationName = Release;
		};
		264F8F722B9D724600987A03 /* Build configuration list for PBXNativeTarget "PasskeySampleTests" */ = {
			isa = XCConfigurationList;
			buildConfigurations = (
				264F8F732B9D724600987A03 /* Debug */,
				264F8F742B9D724600987A03 /* Release */,
			);
			defaultConfigurationIsVisible = 0;
			defaultConfigurationName = Release;
		};
		264F8F752B9D724600987A03 /* Build configuration list for PBXNativeTarget "PasskeySampleUITests" */ = {
			isa = XCConfigurationList;
			buildConfigurations = (
				264F8F762B9D724600987A03 /* Debug */,
				264F8F772B9D724600987A03 /* Release */,
			);
			defaultConfigurationIsVisible = 0;
			defaultConfigurationName = Release;
		};
/* End XCConfigurationList section */
	};
	rootObject = 264F8F432B9D724400987A03 /* Project object */;
}
